
Microsoft Visual Studio Solution File, Format Version 12.00
# Visual Studio Version 16
VisualStudioVersion = 16.0.31410.357
MinimumVisualStudioVersion = 10.0.40219.1
Project("{FAE04EC0-301F-11D3-BF4B-00C04F79EFBC}") = "Debtors", "Debtors\Debtors.csproj", "{590ACF1C-3BC3-45E6-906F-7716C9CC804C}"
EndProject
Global
	GlobalSection(SolutionConfigurationPlatforms) = preSolution
		Debug|Any CPU = Debug|Any CPU
		Release|Any CPU = Release|Any CPU
	EndGlobalSection
	GlobalSection(ProjectConfigurationPlatforms) = postSolution
		{590ACF1C-3BC3-45E6-906F-7716C9CC804C}.Debug|Any CPU.ActiveCfg = Debug|Any CPU
		{590ACF1C-3BC3-45E6-906F-7716C9CC804C}.Debug|Any CPU.Build.0 = Debug|Any CPU
		{590ACF1C-3BC3-45E6-906F-7716C9CC804C}.Release|Any CPU.ActiveCfg = Release|Any CPU
		{590ACF1C-3BC3-45E6-906F-7716C9CC804C}.Release|Any CPU.Build.0 = Release|Any CPU
	EndGlobalSection
	GlobalSection(SolutionProperties) = preSolution
		HideSolutionNode = FALSE
	EndGlobalSection
	GlobalSection(ExtensibilityGlobals) = postSolution
		SolutionGuid = {3F398E84-54B5-4A8B-BF3D-E07F9663A520}
	EndGlobalSection
EndGlobal
